
Microsoft Visual Studio Solution File, Format Version 12.00
# Visual Studio Version 17
VisualStudioVersion = 17.0.32126.317
MinimumVisualStudioVersion = 10.0.40219.1
Project("{9A19103F-16F7-4668-BE54-9A1E7A4F7556}") = "TransactionStore.BusinessLayer", "TransactionStore.BusinessLayer\TransactionStore.BusinessLayer.csproj", "{DD293C4A-1BB2-4DDF-887B-C49B500B191F}"
EndProject
Project("{9A19103F-16F7-4668-BE54-9A1E7A4F7556}") = "TransactionStore.DataLayer", "TransactionStore.DataLayer\TransactionStore.DataLayer.csproj", "{F1AA091E-78A2-4230-B538-A5CA218E7B48}"
EndProject
Project("{00D1A9C2-B5F0-4AF3-8072-F6C62B433612}") = "TransactionStore.DB", "TransactionStore.DB\TransactionStore.DB.sqlproj", "{347703B1-6168-44F0-97FA-3EDB1CD799A6}"
EndProject
Project("{9A19103F-16F7-4668-BE54-9A1E7A4F7556}") = "TransactionStore.API", "TransactionStore.API\TransactionStore.API.csproj", "{A21FBAEE-EB03-4FCC-8295-1DE4FFB7BEC9}"
EndProject
Project("{FAE04EC0-301F-11D3-BF4B-00C04F79EFBC}") = "TransactionStore.BusinessLayer.Tests", "TestProject1\TransactionStore.BusinessLayer.Tests.csproj", "{56CB4447-4DD4-449F-9696-F90DAFCD3144}"
EndProject
Global
	GlobalSection(SolutionConfigurationPlatforms) = preSolution
		Debug|Any CPU = Debug|Any CPU
		Release|Any CPU = Release|Any CPU
	EndGlobalSection
	GlobalSection(ProjectConfigurationPlatforms) = postSolution
		{DD293C4A-1BB2-4DDF-887B-C49B500B191F}.Debug|Any CPU.ActiveCfg = Debug|Any CPU
		{DD293C4A-1BB2-4DDF-887B-C49B500B191F}.Debug|Any CPU.Build.0 = Debug|Any CPU
		{DD293C4A-1BB2-4DDF-887B-C49B500B191F}.Release|Any CPU.ActiveCfg = Release|Any CPU
		{DD293C4A-1BB2-4DDF-887B-C49B500B191F}.Release|Any CPU.Build.0 = Release|Any CPU
		{F1AA091E-78A2-4230-B538-A5CA218E7B48}.Debug|Any CPU.ActiveCfg = Debug|Any CPU
		{F1AA091E-78A2-4230-B538-A5CA218E7B48}.Debug|Any CPU.Build.0 = Debug|Any CPU
		{F1AA091E-78A2-4230-B538-A5CA218E7B48}.Release|Any CPU.ActiveCfg = Release|Any CPU
		{F1AA091E-78A2-4230-B538-A5CA218E7B48}.Release|Any CPU.Build.0 = Release|Any CPU
		{347703B1-6168-44F0-97FA-3EDB1CD799A6}.Debug|Any CPU.ActiveCfg = Debug|Any CPU
		{347703B1-6168-44F0-97FA-3EDB1CD799A6}.Debug|Any CPU.Build.0 = Debug|Any CPU
		{347703B1-6168-44F0-97FA-3EDB1CD799A6}.Debug|Any CPU.Deploy.0 = Debug|Any CPU
		{347703B1-6168-44F0-97FA-3EDB1CD799A6}.Release|Any CPU.ActiveCfg = Release|Any CPU
		{347703B1-6168-44F0-97FA-3EDB1CD799A6}.Release|Any CPU.Build.0 = Release|Any CPU
		{347703B1-6168-44F0-97FA-3EDB1CD799A6}.Release|Any CPU.Deploy.0 = Release|Any CPU
		{A21FBAEE-EB03-4FCC-8295-1DE4FFB7BEC9}.Debug|Any CPU.ActiveCfg = Debug|Any CPU
		{A21FBAEE-EB03-4FCC-8295-1DE4FFB7BEC9}.Debug|Any CPU.Build.0 = Debug|Any CPU
		{A21FBAEE-EB03-4FCC-8295-1DE4FFB7BEC9}.Release|Any CPU.ActiveCfg = Release|Any CPU
		{A21FBAEE-EB03-4FCC-8295-1DE4FFB7BEC9}.Release|Any CPU.Build.0 = Release|Any CPU
		{56CB4447-4DD4-449F-9696-F90DAFCD3144}.Debug|Any CPU.ActiveCfg = Debug|Any CPU
		{56CB4447-4DD4-449F-9696-F90DAFCD3144}.Debug|Any CPU.Build.0 = Debug|Any CPU
		{56CB4447-4DD4-449F-9696-F90DAFCD3144}.Release|Any CPU.ActiveCfg = Release|Any CPU
		{56CB4447-4DD4-449F-9696-F90DAFCD3144}.Release|Any CPU.Build.0 = Release|Any CPU
	EndGlobalSection
	GlobalSection(SolutionProperties) = preSolution
		HideSolutionNode = FALSE
	EndGlobalSection
	GlobalSection(ExtensibilityGlobals) = postSolution
		SolutionGuid = {89E361F8-EA64-4123-82FF-8EED7FCAD92A}
	EndGlobalSection
EndGlobal
